
Microsoft Visual Studio Solution File, Format Version 12.00
# Visual Studio Version 16
VisualStudioVersion = 16.0.28922.388
MinimumVisualStudioVersion = 10.0.40219.1
Project("{FAE04EC0-301F-11D3-BF4B-00C04F79EFBC}") = "HotelReservation", "HotelReservation\HotelReservation.csproj", "{F5394B2A-F7FA-47F0-8AEE-36B2F8E46DD2}"
EndProject
Global
	GlobalSection(SolutionConfigurationPlatforms) = preSolution
		Debug|Any CPU = Debug|Any CPU
		Release|Any CPU = Release|Any CPU
	EndGlobalSection
	GlobalSection(ProjectConfigurationPlatforms) = postSolution
		{F5394B2A-F7FA-47F0-8AEE-36B2F8E46DD2}.Debug|Any CPU.ActiveCfg = Debug|Any CPU
		{F5394B2A-F7FA-47F0-8AEE-36B2F8E46DD2}.Debug|Any CPU.Build.0 = Debug|Any CPU
		{F5394B2A-F7FA-47F0-8AEE-36B2F8E46DD2}.Release|Any CPU.ActiveCfg = Release|Any CPU
		{F5394B2A-F7FA-47F0-8AEE-36B2F8E46DD2}.Release|Any CPU.Build.0 = Release|Any CPU
	EndGlobalSection
	GlobalSection(SolutionProperties) = preSolution
		HideSolutionNode = FALSE
	EndGlobalSection
	GlobalSection(ExtensibilityGlobals) = postSolution
		SolutionGuid = {F1783F91-F892-401C-A47F-83D4FDF78428}
	EndGlobalSection
EndGlobal
